{
  "lockfileVersion": 1,
  "configVersion": 1,
  "workspaces": {
    "": {
      "name": "deepseek",
      "dependencies": {
        "@ai-sdk/deepseek": "^2.0.27",
        "@types/bun": "^1.3.11",
        "ai": "^6.0.145",
        "hono": "^4.12.10",
        "typescript": "^6.0.2",
        "valibot": "^1.3.1",
      },
    },
  },
  "packages": {
    "@ai-sdk/deepseek": ["@ai-sdk/deepseek@2.0.27", "https://registry.npmmirror.com/@ai-sdk/deepseek/-/deepseek-2.0.27.tgz", { "dependencies": { "@ai-sdk/provider": "3.0.8", "@ai-sdk/provider-utils": "4.0.22" }, "peerDependencies": { "zod": "4.3.6" } }, "sha512-J5m7tkelfr3QaZIVoM8rA/9XQtTPoGY1AAGEOhkvuy9JxcFrKIbjqLIQBS47fPRiFj6UdRCjAWMGEZgcohMtDg=="],

    "@ai-sdk/gateway": ["@ai-sdk/gateway@3.0.87", "https://registry.npmmirror.com/@ai-sdk/gateway/-/gateway-3.0.87.tgz", { "dependencies": { "@ai-sdk/provider": "3.0.8", "@ai-sdk/provider-utils": "4.0.22", "@vercel/oidc": "3.1.0" }, "peerDependencies": { "zod": "4.3.6" } }, "sha512-knLx/VY0u5KAZGgrTorWCTbEnwK3oCCdm8yjxVQm3s14erqVo60SP08dsFWm+xNULPTusftQGVD/l0/hx5QOHg=="],

    "@ai-sdk/provider": ["@ai-sdk/provider@3.0.8", "https://registry.npmmirror.com/@ai-sdk/provider/-/provider-3.0.8.tgz", { "dependencies": { "json-schema": "0.4.0" } }, "sha512-oGMAgGoQdBXbZqNG0Ze56CHjDZ1IDYOwGYxYjO5KLSlz5HiNQ9udIXsPZ61VWaHGZ5XW/jyjmr6t2xz2jGVwbQ=="],

    "@ai-sdk/provider-utils": ["@ai-sdk/provider-utils@4.0.22", "https://registry.npmmirror.com/@ai-sdk/provider-utils/-/provider-utils-4.0.22.tgz", { "dependencies": { "@ai-sdk/provider": "3.0.8", "@standard-schema/spec": "1.1.0", "eventsource-parser": "3.0.6" }, "peerDependencies": { "zod": "4.3.6" } }, "sha512-B2OTFcRw/Pdka9ZTjpXv6T6qZ6RruRuLokyb8HwW+aoW9ndJ3YasA3/mVswyJw7VMBF8ofXgqvcrCt9KYvFifg=="],

    "@opentelemetry/api": ["@opentelemetry/api@1.9.0", "https://registry.npmmirror.com/@opentelemetry/api/-/api-1.9.0.tgz", {}, "sha512-3giAOQvZiH5F9bMlMiv8+GSPMeqg0dbaeo58/0SlA9sxSqZhnUtxzX9/2FzyhS9sWQf5S0GJE0AKBrFqjpeYcg=="],

    "@standard-schema/spec": ["@standard-schema/spec@1.1.0", "https://registry.npmmirror.com/@standard-schema/spec/-/spec-1.1.0.tgz", {}, "sha512-l2aFy5jALhniG5HgqrD6jXLi/rUWrKvqN/qJx6yoJsgKhblVd+iqqU4RCXavm/jPityDo5TCvKMnpjKnOriy0w=="],

    "@types/bun": ["@types/bun@1.3.11", "https://registry.npmmirror.com/@types/bun/-/bun-1.3.11.tgz", { "dependencies": { "bun-types": "1.3.11" } }, "sha512-5vPne5QvtpjGpsGYXiFyycfpDF2ECyPcTSsFBMa0fraoxiQyMJ3SmuQIGhzPg2WJuWxVBoxWJ2kClYTcw/4fAg=="],

    "@types/node": ["@types/node@25.5.0", "https://registry.npmmirror.com/@types/node/-/node-25.5.0.tgz", { "dependencies": { "undici-types": "7.18.2" } }, "sha512-jp2P3tQMSxWugkCUKLRPVUpGaL5MVFwF8RDuSRztfwgN1wmqJeMSbKlnEtQqU8UrhTmzEmZdu2I6v2dpp7XIxw=="],

    "@vercel/oidc": ["@vercel/oidc@3.1.0", "https://registry.npmmirror.com/@vercel/oidc/-/oidc-3.1.0.tgz", {}, "sha512-Fw28YZpRnA3cAHHDlkt7xQHiJ0fcL+NRcIqsocZQUSmbzeIKRpwttJjik5ZGanXP+vlA4SbTg+AbA3bP363l+w=="],

    "ai": ["ai@6.0.145", "https://registry.npmmirror.com/ai/-/ai-6.0.145.tgz", { "dependencies": { "@ai-sdk/gateway": "3.0.87", "@ai-sdk/provider": "3.0.8", "@ai-sdk/provider-utils": "4.0.22", "@opentelemetry/api": "1.9.0" }, "peerDependencies": { "zod": "4.3.6" } }, "sha512-RbMiFsPZxE4uf5Hhs8rscp5bIwvjQOrqS5dQGWNVRHGM947QZgkKX7Ih5hto8MK/7xkbtneoOZruZ8oSLO828A=="],

    "bun-types": ["bun-types@1.3.11", "https://registry.npmmirror.com/bun-types/-/bun-types-1.3.11.tgz", { "dependencies": { "@types/node": "*" } }, "sha512-1KGPpoxQWl9f6wcZh57LvrPIInQMn2TQ7jsgxqpRzg+l0QPOFvJVH7HmvHo/AiPgwXy+/Thf6Ov3EdVn1vOabg=="],

    "eventsource-parser": ["eventsource-parser@3.0.6", "https://registry.npmmirror.com/eventsource-parser/-/eventsource-parser-3.0.6.tgz", {}, "sha512-Vo1ab+QXPzZ4tCa8SwIHJFaSzy4R6SHf7BY79rFBDf0idraZWAkYrDjDj8uWaSm3S2TK+hJ7/t1CEmZ7jXw+pg=="],

    "hono": ["hono@4.12.10", "https://registry.npmmirror.com/hono/-/hono-4.12.10.tgz", {}, "sha512-mx/p18PLy5og9ufies2GOSUqep98Td9q4i/EF6X7yJgAiIopxqdfIO3jbqsi3jRgTgw88jMDEzVKi+V2EF+27w=="],

    "json-schema": ["json-schema@0.4.0", "https://registry.npmmirror.com/json-schema/-/json-schema-0.4.0.tgz", {}, "sha512-es94M3nTIfsEPisRafak+HDLfHXnKBhV3vU5eqPcS3flIWqcxJWgXHXiey3YrpaNsanY5ei1VoYEbOzijuq9BA=="],

    "typescript": ["typescript@6.0.2", "https://registry.npmmirror.com/typescript/-/typescript-6.0.2.tgz", { "bin": { "tsc": "bin/tsc", "tsserver": "bin/tsserver" } }, "sha512-bGdAIrZ0wiGDo5l8c++HWtbaNCWTS4UTv7RaTH/ThVIgjkveJt83m74bBHMJkuCbslY8ixgLBVZJIOiQlQTjfQ=="],

    "undici-types": ["undici-types@7.18.2", "https://registry.npmmirror.com/undici-types/-/undici-types-7.18.2.tgz", {}, "sha512-AsuCzffGHJybSaRrmr5eHr81mwJU3kjw6M+uprWvCXiNeN9SOGwQ3Jn8jb8m3Z6izVgknn1R0FTCEAP2QrLY/w=="],

    "valibot": ["valibot@1.3.1", "https://registry.npmmirror.com/valibot/-/valibot-1.3.1.tgz", {}, "sha512-sfdRir/QFM0JaF22hqTroPc5xy4DimuGQVKFrzF1YfGwaS1nJot3Y8VqMdLO2Lg27fMzat2yD3pY5PbAYO39Gg=="],

    "zod": ["zod@4.3.6", "https://registry.npmmirror.com/zod/-/zod-4.3.6.tgz", {}, "sha512-rftlrkhHZOcjDwkGlnUtZZkvaPHCsDATp4pGpuOOMDaTdDDXF91wuVDJoWoPsKX/3YPQ5fHuF3STjcYyKr+Qhg=="],
  }
}
